
Microsoft Visual Studio Solution File, Format Version 12.00
# Visual Studio 2012
Project("{F088123C-0E9E-452A-89E6-6BA2F21D5CAC}") = "InterpreterModelingProject", "InterpreterModelingProject\InterpreterModelingProject.modelproj", "{96CCB479-BCF6-4564-8602-7C118045D97F}"
EndProject
Project("{FAE04EC0-301F-11D3-BF4B-00C04F79EFBC}") = "InterpreterModelingProjectLib", "InterpreterModelingProjectLib\InterpreterModelingProjectLib.csproj", "{F2FA2A4C-3DAC-4D56-859A-B467BD940502}"
EndProject
Project("{FAE04EC0-301F-11D3-BF4B-00C04F79EFBC}") = "WindowsFormsApplication1", "WindowsFormsApplication1\WindowsFormsApplication1.csproj", "{6DC29609-E237-401E-9814-39963F421F41}"
EndProject
Global
	GlobalSection(SolutionConfigurationPlatforms) = preSolution
		Debug|Any CPU = Debug|Any CPU
		Release|Any CPU = Release|Any CPU
	EndGlobalSection
	GlobalSection(ProjectConfigurationPlatforms) = postSolution
		{96CCB479-BCF6-4564-8602-7C118045D97F}.Debug|Any CPU.ActiveCfg = Debug|Any CPU
		{96CCB479-BCF6-4564-8602-7C118045D97F}.Debug|Any CPU.Build.0 = Debug|Any CPU
		{96CCB479-BCF6-4564-8602-7C118045D97F}.Release|Any CPU.ActiveCfg = Release|Any CPU
		{96CCB479-BCF6-4564-8602-7C118045D97F}.Release|Any CPU.Build.0 = Release|Any CPU
		{F2FA2A4C-3DAC-4D56-859A-B467BD940502}.Debug|Any CPU.ActiveCfg = Debug|Any CPU
		{F2FA2A4C-3DAC-4D56-859A-B467BD940502}.Debug|Any CPU.Build.0 = Debug|Any CPU
		{F2FA2A4C-3DAC-4D56-859A-B467BD940502}.Release|Any CPU.ActiveCfg = Release|Any CPU
		{F2FA2A4C-3DAC-4D56-859A-B467BD940502}.Release|Any CPU.Build.0 = Release|Any CPU
		{6DC29609-E237-401E-9814-39963F421F41}.Debug|Any CPU.ActiveCfg = Debug|Any CPU
		{6DC29609-E237-401E-9814-39963F421F41}.Debug|Any CPU.Build.0 = Debug|Any CPU
		{6DC29609-E237-401E-9814-39963F421F41}.Release|Any CPU.ActiveCfg = Release|Any CPU
		{6DC29609-E237-401E-9814-39963F421F41}.Release|Any CPU.Build.0 = Release|Any CPU
	EndGlobalSection
	GlobalSection(SolutionProperties) = preSolution
		HideSolutionNode = FALSE
	EndGlobalSection
EndGlobal
